{
  "name": "daily-quest",
  "lockfileVersion": 2,
  "requires": true,
  "packages": {
    "": {
      "dependencies": {
        "performance-measure": "^1.0.3"
      }
    },
    "node_modules/@discoveryjs/json-ext": {
      "extraneous": true
    },
    "node_modules/@types/eslint": {
      "extraneous": true
    },
    "node_modules/@types/eslint-scope": {
      "extraneous": true
    },
    "node_modules/@types/estree": {
      "extraneous": true
    },
    "node_modules/@types/json-schema": {
      "extraneous": true
    },
    "node_modules/@types/node": {
      "extraneous": true
    },
    "node_modules/@webassemblyjs/ast": {
      "extraneous": true
    },
    "node_modules/@webassemblyjs/floating-point-hex-parser": {
      "extraneous": true
    },
    "node_modules/@webassemblyjs/helper-api-error": {
      "extraneous": true
    },
    "node_modules/@webassemblyjs/helper-buffer": {
      "extraneous": true
    },
    "node_modules/@webassemblyjs/helper-numbers": {
      "extraneous": true
    },
    "node_modules/@webassemblyjs/helper-wasm-bytecode": {
      "extraneous": true
    },
    "node_modules/@webassemblyjs/helper-wasm-section": {
      "extraneous": true
    },
    "node_modules/@webassemblyjs/ieee754": {
      "extraneous": true
    },
    "node_modules/@webassemblyjs/leb128": {
      "extraneous": true
    },
    "node_modules/@webassemblyjs/utf8": {
      "extraneous": true
    },
    "node_modules/@webassemblyjs/wasm-edit": {
      "extraneous": true
    },
    "node_modules/@webassemblyjs/wasm-gen": {
      "extraneous": true
    },
    "node_modules/@webassemblyjs/wasm-opt": {
      "extraneous": true
    },
    "node_modules/@webassemblyjs/wasm-parser": {
      "extraneous": true
    },
    "node_modules/@webassemblyjs/wast-printer": {
      "extraneous": true
    },
    "node_modules/@webpack-cli/configtest": {
      "extraneous": true
    },
    "node_modules/@webpack-cli/info": {
      "extraneous": true
    },
    "node_modules/@webpack-cli/serve": {
      "extraneous": true
    },
    "node_modules/@xtuc/ieee754": {
      "extraneous": true
    },
    "node_modules/@xtuc/long": {
      "extraneous": true
    },
    "node_modules/acorn": {
      "extraneous": true
    },
    "node_modules/ajv": {
      "extraneous": true
    },
    "node_modules/ajv-keywords": {
      "extraneous": true
    },
    "node_modules/ansi-colors": {
      "extraneous": true
    },
    "node_modules/ansi-regex": {
      "version": "3.0.0",
      "resolved": "https://registry.npmjs.org/ansi-regex/-/ansi-regex-3.0.0.tgz",
      "integrity": "sha1-7QMXwyIGT3lGbAKWa922Bas32Zg=",
      "engines": {
        "node": ">=4"
      }
    },
    "node_modules/ansi-styles": {
      "extraneous": true
    },
    "node_modules/array-back": {
      "extraneous": true
    },
    "node_modules/async": {
      "extraneous": true
    },
    "node_modules/browserslist": {
      "extraneous": true
    },
    "node_modules/buffer-from": {
      "extraneous": true
    },
    "node_modules/caniuse-lite": {
      "extraneous": true
    },
    "node_modules/chalk": {
      "extraneous": true
    },
    "node_modules/chrome-trace-event": {
      "extraneous": true
    },
    "node_modules/clone": {
      "version": "1.0.4",
      "resolved": "https://registry.npmjs.org/clone/-/clone-1.0.4.tgz",
      "integrity": "sha1-2jCcwmPfFZlMaIypAheco8fNfH4=",
      "optional": true,
      "engines": {
        "node": ">=0.8"
      }
    },
    "node_modules/clone-deep": {
      "extraneous": true
    },
    "node_modules/color-convert": {
      "extraneous": true
    },
    "node_modules/color-name": {
      "extraneous": true
    },
    "node_modules/colorette": {
      "extraneous": true
    },
    "node_modules/colors-cli": {
      "extraneous": true
    },
    "node_modules/command-line-args": {
      "extraneous": true
    },
    "node_modules/command-line-usage": {
      "extraneous": true
    },
    "node_modules/command-line-usage/node_modules/array-back": {
      "extraneous": true
    },
    "node_modules/commander": {
      "extraneous": true
    },
    "node_modules/cross-spawn": {
      "extraneous": true
    },
    "node_modules/deep-extend": {
      "extraneous": true
    },
    "node_modules/defaults": {
      "version": "1.0.3",
      "resolved": "https://registry.npmjs.org/defaults/-/defaults-1.0.3.tgz",
      "integrity": "sha1-xlYFHpgX2f8I7YgUd/P+QBnz730=",
      "optional": true,
      "dependencies": {
        "clone": "^1.0.2"
      }
    },
    "node_modules/easy-table": {
      "version": "1.1.1",
      "resolved": "https://registry.npmjs.org/easy-table/-/easy-table-1.1.1.tgz",
      "integrity": "sha512-C9Lvm0WFcn2RgxbMnTbXZenMIWcBtkzMr+dWqq/JsVoGFSVUVlPqeOa5LP5kM0I3zoOazFpckOEb2/0LDFfToQ==",
      "dependencies": {
        "ansi-regex": "^3.0.0",
        "wcwidth": ">=1.0.1"
      },
      "optionalDependencies": {
        "wcwidth": ">=1.0.1"
      }
    },
    "node_modules/electron-to-chromium": {
      "extraneous": true
    },
    "node_modules/enhanced-resolve": {
      "extraneous": true
    },
    "node_modules/enquirer": {
      "extraneous": true
    },
    "node_modules/envinfo": {
      "extraneous": true
    },
    "node_modules/es-module-lexer": {
      "extraneous": true
    },
    "node_modules/escalade": {
      "extraneous": true
    },
    "node_modules/escape-string-regexp": {
      "extraneous": true
    },
    "node_modules/eslint-scope": {
      "extraneous": true
    },
    "node_modules/esrecurse": {
      "extraneous": true
    },
    "node_modules/esrecurse/node_modules/estraverse": {
      "extraneous": true
    },
    "node_modules/estraverse": {
      "extraneous": true
    },
    "node_modules/events": {
      "extraneous": true
    },
    "node_modules/execa": {
      "extraneous": true
    },
    "node_modules/fast-deep-equal": {
      "extraneous": true
    },
    "node_modules/fast-json-stable-stringify": {
      "extraneous": true
    },
    "node_modules/fastest-levenshtein": {
      "extraneous": true
    },
    "node_modules/feature-detect-es6": {
      "extraneous": true
    },
    "node_modules/find-replace": {
      "extraneous": true
    },
    "node_modules/find-up": {
      "extraneous": true
    },
    "node_modules/function-bind": {
      "extraneous": true
    },
    "node_modules/get-stream": {
      "extraneous": true
    },
    "node_modules/glob-to-regexp": {
      "extraneous": true
    },
    "node_modules/graceful-fs": {
      "extraneous": true
    },
    "node_modules/has": {
      "extraneous": true
    },
    "node_modules/has-flag": {
      "extraneous": true
    },
    "node_modules/human-signals": {
      "extraneous": true
    },
    "node_modules/import-local": {
      "extraneous": true
    },
    "node_modules/interpret": {
      "extraneous": true
    },
    "node_modules/is-core-module": {
      "extraneous": true
    },
    "node_modules/is-plain-object": {
      "extraneous": true
    },
    "node_modules/is-stream": {
      "extraneous": true
    },
    "node_modules/isexe": {
      "extraneous": true
    },
    "node_modules/isobject": {
      "extraneous": true
    },
    "node_modules/jest-worker": {
      "extraneous": true
    },
    "node_modules/jest-worker/node_modules/has-flag": {
      "extraneous": true
    },
    "node_modules/jest-worker/node_modules/supports-color": {
      "extraneous": true
    },
    "node_modules/json-parse-better-errors": {
      "extraneous": true
    },
    "node_modules/json-schema-traverse": {
      "extraneous": true
    },
    "node_modules/kind-of": {
      "extraneous": true
    },
    "node_modules/loader-runner": {
      "extraneous": true
    },
    "node_modules/loading-cli": {
      "extraneous": true
    },
    "node_modules/locate-path": {
      "extraneous": true
    },
    "node_modules/lodash.padend": {
      "extraneous": true
    },
    "node_modules/merge-stream": {
      "extraneous": true
    },
    "node_modules/mime-db": {
      "extraneous": true
    },
    "node_modules/mime-types": {
      "extraneous": true
    },
    "node_modules/mimic-fn": {
      "extraneous": true
    },
    "node_modules/neo-async": {
      "extraneous": true
    },
    "node_modules/node-releases": {
      "extraneous": true
    },
    "node_modules/node-wifi": {
      "extraneous": true
    },
    "node_modules/npm-run-path": {
      "extraneous": true
    },
    "node_modules/onetime": {
      "extraneous": true
    },
    "node_modules/p-limit": {
      "extraneous": true
    },
    "node_modules/p-locate": {
      "extraneous": true
    },
    "node_modules/p-locate/node_modules/p-limit": {
      "extraneous": true
    },
    "node_modules/p-try": {
      "extraneous": true
    },
    "node_modules/path-exists": {
      "extraneous": true
    },
    "node_modules/path-key": {
      "extraneous": true
    },
    "node_modules/path-parse": {
      "extraneous": true
    },
    "node_modules/performance-measure": {
      "version": "1.0.3",
      "resolved": "https://registry.npmjs.org/performance-measure/-/performance-measure-1.0.3.tgz",
      "integrity": "sha512-RGM4zYHlVqD/ejryaWJODo37md1Y3DQNp9LLaHe5u/Ul1p82cbmEly2zNS+qmA+jxHTGw4C/0BUTgCJPVEuStQ==",
      "dependencies": {
        "easy-table": "^1.1.1",
        "summary": "^1.0.0"
      }
    },
    "node_modules/pkg-dir": {
      "extraneous": true
    },
    "node_modules/punycode": {
      "extraneous": true
    },
    "node_modules/random-forest-classifier": {
      "extraneous": true
    },
    "node_modules/randombytes": {
      "extraneous": true
    },
    "node_modules/rechoir": {
      "extraneous": true
    },
    "node_modules/reduce-flatten": {
      "extraneous": true
    },
    "node_modules/resolve": {
      "extraneous": true
    },
    "node_modules/resolve-cwd": {
      "extraneous": true
    },
    "node_modules/resolve-from": {
      "extraneous": true
    },
    "node_modules/safe-buffer": {
      "extraneous": true
    },
    "node_modules/schema-utils": {
      "extraneous": true
    },
    "node_modules/serialize-javascript": {
      "extraneous": true
    },
    "node_modules/shallow-clone": {
      "extraneous": true
    },
    "node_modules/shebang-command": {
      "extraneous": true
    },
    "node_modules/shebang-regex": {
      "extraneous": true
    },
    "node_modules/signal-exit": {
      "extraneous": true
    },
    "node_modules/source-list-map": {
      "extraneous": true
    },
    "node_modules/source-map": {
      "extraneous": true
    },
    "node_modules/source-map-support": {
      "extraneous": true
    },
    "node_modules/strip-final-newline": {
      "extraneous": true
    },
    "node_modules/summary": {
      "version": "1.0.0",
      "resolved": "https://registry.npmjs.org/summary/-/summary-1.0.0.tgz",
      "integrity": "sha512-fyNhvzNcD/aZlTup636VitB7gtl/3EveoBgQ7+6JXE64OSAM58963ivTR+p35oGnyx8cckZ56/y5gWnDBElfdg=="
    },
    "node_modules/supports-color": {
      "extraneous": true
    },
    "node_modules/table-layout": {
      "extraneous": true
    },
    "node_modules/table-layout/node_modules/array-back": {
      "extraneous": true
    },
    "node_modules/tapable": {
      "extraneous": true
    },
    "node_modules/terser": {
      "extraneous": true
    },
    "node_modules/terser-webpack-plugin": {
      "extraneous": true
    },
    "node_modules/terser/node_modules/source-map": {
      "extraneous": true
    },
    "node_modules/test-value": {
      "extraneous": true
    },
    "node_modules/tslib": {
      "extraneous": true
    },
    "node_modules/typical": {
      "extraneous": true
    },
    "node_modules/underscore": {
      "extraneous": true
    },
    "node_modules/uri-js": {
      "extraneous": true
    },
    "node_modules/v8-compile-cache": {
      "extraneous": true
    },
    "node_modules/watchpack": {
      "extraneous": true
    },
    "node_modules/wcwidth": {
      "version": "1.0.1",
      "resolved": "https://registry.npmjs.org/wcwidth/-/wcwidth-1.0.1.tgz",
      "integrity": "sha1-8LDc+RW8X/FSivrbLA4XtTLaL+g=",
      "optional": true,
      "dependencies": {
        "defaults": "^1.0.3"
      }
    },
    "node_modules/webpack": {
      "extraneous": true
    },
    "node_modules/webpack-cli": {
      "extraneous": true
    },
    "node_modules/webpack-cli/node_modules/commander": {
      "extraneous": true
    },
    "node_modules/webpack-merge": {
      "extraneous": true
    },
    "node_modules/webpack-sources": {
      "extraneous": true
    },
    "node_modules/whereami.js": {
      "extraneous": true
    },
    "node_modules/which": {
      "extraneous": true
    },
    "node_modules/wildcard": {
      "extraneous": true
    },
    "node_modules/wordwrapjs": {
      "extraneous": true
    },
    "node_modules/yocto-queue": {
      "extraneous": true
    }
  },
  "dependencies": {
    "@discoveryjs/json-ext": {
      "extraneous": true
    },
    "@types/eslint": {
      "extraneous": true
    },
    "@types/eslint-scope": {
      "extraneous": true
    },
    "@types/estree": {
      "extraneous": true
    },
    "@types/json-schema": {
      "extraneous": true
    },
    "@types/node": {
      "extraneous": true
    },
    "@webassemblyjs/ast": {
      "extraneous": true
    },
    "@webassemblyjs/floating-point-hex-parser": {
      "extraneous": true
    },
    "@webassemblyjs/helper-api-error": {
      "extraneous": true
    },
    "@webassemblyjs/helper-buffer": {
      "extraneous": true
    },
    "@webassemblyjs/helper-numbers": {
      "extraneous": true
    },
    "@webassemblyjs/helper-wasm-bytecode": {
      "extraneous": true
    },
    "@webassemblyjs/helper-wasm-section": {
      "extraneous": true
    },
    "@webassemblyjs/ieee754": {
      "extraneous": true
    },
    "@webassemblyjs/leb128": {
      "extraneous": true
    },
    "@webassemblyjs/utf8": {
      "extraneous": true
    },
    "@webassemblyjs/wasm-edit": {
      "extraneous": true
    },
    "@webassemblyjs/wasm-gen": {
      "extraneous": true
    },
    "@webassemblyjs/wasm-opt": {
      "extraneous": true
    },
    "@webassemblyjs/wasm-parser": {
      "extraneous": true
    },
    "@webassemblyjs/wast-printer": {
      "extraneous": true
    },
    "@webpack-cli/configtest": {
      "extraneous": true
    },
    "@webpack-cli/info": {
      "extraneous": true
    },
    "@webpack-cli/serve": {
      "extraneous": true
    },
    "@xtuc/ieee754": {
      "extraneous": true
    },
    "@xtuc/long": {
      "extraneous": true
    },
    "acorn": {
      "extraneous": true
    },
    "ajv": {
      "extraneous": true
    },
    "ajv-keywords": {
      "extraneous": true
    },
    "ansi-colors": {
      "extraneous": true
    },
    "ansi-regex": {
      "version": "3.0.0",
      "resolved": "https://registry.npmjs.org/ansi-regex/-/ansi-regex-3.0.0.tgz",
      "integrity": "sha1-7QMXwyIGT3lGbAKWa922Bas32Zg="
    },
    "ansi-styles": {
      "extraneous": true
    },
    "array-back": {
      "extraneous": true
    },
    "async": {
      "extraneous": true
    },
    "browserslist": {
      "extraneous": true
    },
    "buffer-from": {
      "extraneous": true
    },
    "caniuse-lite": {
      "extraneous": true
    },
    "chalk": {
      "extraneous": true
    },
    "chrome-trace-event": {
      "extraneous": true
    },
    "clone": {
      "version": "1.0.4",
      "resolved": "https://registry.npmjs.org/clone/-/clone-1.0.4.tgz",
      "integrity": "sha1-2jCcwmPfFZlMaIypAheco8fNfH4=",
      "optional": true
    },
    "clone-deep": {
      "extraneous": true
    },
    "color-convert": {
      "extraneous": true
    },
    "color-name": {
      "extraneous": true
    },
    "colorette": {
      "extraneous": true
    },
    "colors-cli": {
      "extraneous": true
    },
    "command-line-args": {
      "extraneous": true
    },
    "command-line-usage": {
      "extraneous": true,
      "dependencies": {
        "array-back": {
          "extraneous": true
        }
      }
    },
    "commander": {
      "extraneous": true
    },
    "cross-spawn": {
      "extraneous": true
    },
    "deep-extend": {
      "extraneous": true
    },
    "defaults": {
      "version": "1.0.3",
      "resolved": "https://registry.npmjs.org/defaults/-/defaults-1.0.3.tgz",
      "integrity": "sha1-xlYFHpgX2f8I7YgUd/P+QBnz730=",
      "optional": true,
      "requires": {
        "clone": "^1.0.2"
      }
    },
    "easy-table": {
      "version": "1.1.1",
      "resolved": "https://registry.npmjs.org/easy-table/-/easy-table-1.1.1.tgz",
      "integrity": "sha512-C9Lvm0WFcn2RgxbMnTbXZenMIWcBtkzMr+dWqq/JsVoGFSVUVlPqeOa5LP5kM0I3zoOazFpckOEb2/0LDFfToQ==",
      "requires": {
        "ansi-regex": "^3.0.0",
        "wcwidth": ">=1.0.1"
      }
    },
    "electron-to-chromium": {
      "extraneous": true
    },
    "enhanced-resolve": {
      "extraneous": true
    },
    "enquirer": {
      "extraneous": true
    },
    "envinfo": {
      "extraneous": true
    },
    "es-module-lexer": {
      "extraneous": true
    },
    "escalade": {
      "extraneous": true
    },
    "escape-string-regexp": {
      "extraneous": true
    },
    "eslint-scope": {
      "extraneous": true
    },
    "esrecurse": {
      "extraneous": true,
      "dependencies": {
        "estraverse": {
          "extraneous": true
        }
      }
    },
    "estraverse": {
      "extraneous": true
    },
    "events": {
      "extraneous": true
    },
    "execa": {
      "extraneous": true
    },
    "fast-deep-equal": {
      "extraneous": true
    },
    "fast-json-stable-stringify": {
      "extraneous": true
    },
    "fastest-levenshtein": {
      "extraneous": true
    },
    "feature-detect-es6": {
      "extraneous": true
    },
    "find-replace": {
      "extraneous": true
    },
    "find-up": {
      "extraneous": true
    },
    "function-bind": {
      "extraneous": true
    },
    "get-stream": {
      "extraneous": true
    },
    "glob-to-regexp": {
      "extraneous": true
    },
    "graceful-fs": {
      "extraneous": true
    },
    "has": {
      "extraneous": true
    },
    "has-flag": {
      "extraneous": true
    },
    "human-signals": {
      "extraneous": true
    },
    "import-local": {
      "extraneous": true
    },
    "interpret": {
      "extraneous": true
    },
    "is-core-module": {
      "extraneous": true
    },
    "is-plain-object": {
      "extraneous": true
    },
    "is-stream": {
      "extraneous": true
    },
    "isexe": {
      "extraneous": true
    },
    "isobject": {
      "extraneous": true
    },
    "jest-worker": {
      "extraneous": true,
      "dependencies": {
        "has-flag": {
          "extraneous": true
        },
        "supports-color": {
          "extraneous": true
        }
      }
    },
    "json-parse-better-errors": {
      "extraneous": true
    },
    "json-schema-traverse": {
      "extraneous": true
    },
    "kind-of": {
      "extraneous": true
    },
    "loader-runner": {
      "extraneous": true
    },
    "loading-cli": {
      "extraneous": true
    },
    "locate-path": {
      "extraneous": true
    },
    "lodash.padend": {
      "extraneous": true
    },
    "merge-stream": {
      "extraneous": true
    },
    "mime-db": {
      "extraneous": true
    },
    "mime-types": {
      "extraneous": true
    },
    "mimic-fn": {
      "extraneous": true
    },
    "neo-async": {
      "extraneous": true
    },
    "node-releases": {
      "extraneous": true
    },
    "node-wifi": {
      "extraneous": true
    },
    "npm-run-path": {
      "extraneous": true
    },
    "onetime": {
      "extraneous": true
    },
    "p-limit": {
      "extraneous": true
    },
    "p-locate": {
      "extraneous": true,
      "dependencies": {
        "p-limit": {
          "extraneous": true
        }
      }
    },
    "p-try": {
      "extraneous": true
    },
    "path-exists": {
      "extraneous": true
    },
    "path-key": {
      "extraneous": true
    },
    "path-parse": {
      "extraneous": true
    },
    "performance-measure": {
      "version": "1.0.3",
      "resolved": "https://registry.npmjs.org/performance-measure/-/performance-measure-1.0.3.tgz",
      "integrity": "sha512-RGM4zYHlVqD/ejryaWJODo37md1Y3DQNp9LLaHe5u/Ul1p82cbmEly2zNS+qmA+jxHTGw4C/0BUTgCJPVEuStQ==",
      "requires": {
        "easy-table": "^1.1.1",
        "summary": "^1.0.0"
      }
    },
    "pkg-dir": {
      "extraneous": true
    },
    "punycode": {
      "extraneous": true
    },
    "random-forest-classifier": {
      "extraneous": true
    },
    "randombytes": {
      "extraneous": true
    },
    "rechoir": {
      "extraneous": true
    },
    "reduce-flatten": {
      "extraneous": true
    },
    "resolve": {
      "extraneous": true
    },
    "resolve-cwd": {
      "extraneous": true
    },
    "resolve-from": {
      "extraneous": true
    },
    "safe-buffer": {
      "extraneous": true
    },
    "schema-utils": {
      "extraneous": true
    },
    "serialize-javascript": {
      "extraneous": true
    },
    "shallow-clone": {
      "extraneous": true
    },
    "shebang-command": {
      "extraneous": true
    },
    "shebang-regex": {
      "extraneous": true
    },
    "signal-exit": {
      "extraneous": true
    },
    "source-list-map": {
      "extraneous": true
    },
    "source-map": {
      "extraneous": true
    },
    "source-map-support": {
      "extraneous": true
    },
    "strip-final-newline": {
      "extraneous": true
    },
    "summary": {
      "version": "1.0.0",
      "resolved": "https://registry.npmjs.org/summary/-/summary-1.0.0.tgz",
      "integrity": "sha512-fyNhvzNcD/aZlTup636VitB7gtl/3EveoBgQ7+6JXE64OSAM58963ivTR+p35oGnyx8cckZ56/y5gWnDBElfdg=="
    },
    "supports-color": {
      "extraneous": true
    },
    "table-layout": {
      "extraneous": true,
      "dependencies": {
        "array-back": {
          "extraneous": true
        }
      }
    },
    "tapable": {
      "extraneous": true
    },
    "terser": {
      "extraneous": true,
      "dependencies": {
        "source-map": {
          "extraneous": true
        }
      }
    },
    "terser-webpack-plugin": {
      "extraneous": true
    },
    "test-value": {
      "extraneous": true
    },
    "tslib": {
      "extraneous": true
    },
    "typical": {
      "extraneous": true
    },
    "underscore": {
      "extraneous": true
    },
    "uri-js": {
      "extraneous": true
    },
    "v8-compile-cache": {
      "extraneous": true
    },
    "watchpack": {
      "extraneous": true
    },
    "wcwidth": {
      "version": "1.0.1",
      "resolved": "https://registry.npmjs.org/wcwidth/-/wcwidth-1.0.1.tgz",
      "integrity": "sha1-8LDc+RW8X/FSivrbLA4XtTLaL+g=",
      "optional": true,
      "requires": {
        "defaults": "^1.0.3"
      }
    },
    "webpack": {
      "extraneous": true
    },
    "webpack-cli": {
      "extraneous": true,
      "dependencies": {
        "commander": {
          "extraneous": true
        }
      }
    },
    "webpack-merge": {
      "extraneous": true
    },
    "webpack-sources": {
      "extraneous": true
    },
    "whereami.js": {
      "extraneous": true
    },
    "which": {
      "extraneous": true
    },
    "wildcard": {
      "extraneous": true
    },
    "wordwrapjs": {
      "extraneous": true
    },
    "yocto-queue": {
      "extraneous": true
    }
  }
}
